
Microsoft Visual Studio Solution File, Format Version 12.00
# Visual Studio 2012
Project("{FAE04EC0-301F-11D3-BF4B-00C04F79EFBC}") = "UdemXamIOS-Tabs", "UdemXamIOS-Tabs\UdemXamIOS-Tabs.csproj", "{25C11B18-7F36-43E9-97C4-D8025290EBE1}"
EndProject
Global
	GlobalSection(SolutionConfigurationPlatforms) = preSolution
		Debug|iPhoneSimulator = Debug|iPhoneSimulator
		Release|iPhone = Release|iPhone
		Release|iPhoneSimulator = Release|iPhoneSimulator
		Debug|iPhone = Debug|iPhone
	EndGlobalSection
	GlobalSection(ProjectConfigurationPlatforms) = postSolution
		{25C11B18-7F36-43E9-97C4-D8025290EBE1}.Debug|iPhoneSimulator.ActiveCfg = Debug|iPhoneSimulator
		{25C11B18-7F36-43E9-97C4-D8025290EBE1}.Debug|iPhoneSimulator.Build.0 = Debug|iPhoneSimulator
		{25C11B18-7F36-43E9-97C4-D8025290EBE1}.Release|iPhone.ActiveCfg = Release|iPhone
		{25C11B18-7F36-43E9-97C4-D8025290EBE1}.Release|iPhone.Build.0 = Release|iPhone
		{25C11B18-7F36-43E9-97C4-D8025290EBE1}.Release|iPhoneSimulator.ActiveCfg = Release|iPhoneSimulator
		{25C11B18-7F36-43E9-97C4-D8025290EBE1}.Release|iPhoneSimulator.Build.0 = Release|iPhoneSimulator
		{25C11B18-7F36-43E9-97C4-D8025290EBE1}.Debug|iPhone.ActiveCfg = Debug|iPhone
		{25C11B18-7F36-43E9-97C4-D8025290EBE1}.Debug|iPhone.Build.0 = Debug|iPhone
	EndGlobalSection
EndGlobal
